
Microsoft Visual Studio Solution File, Format Version 12.00
# Visual Studio Version 17
VisualStudioVersion = 17.1.32210.238
MinimumVisualStudioVersion = 10.0.40219.1
Project("{9A19103F-16F7-4668-BE54-9A1E7A4F7556}") = "8080_Emulator", "8080_Emulator\8080_Emulator.csproj", "{2415F4EA-2061-4264-AA97-1BD7375358F4}"
EndProject
Global
	GlobalSection(SolutionConfigurationPlatforms) = preSolution
		Debug|Any CPU = Debug|Any CPU
		Release|Any CPU = Release|Any CPU
	EndGlobalSection
	GlobalSection(ProjectConfigurationPlatforms) = postSolution
		{2415F4EA-2061-4264-AA97-1BD7375358F4}.Debug|Any CPU.ActiveCfg = Debug|Any CPU
		{2415F4EA-2061-4264-AA97-1BD7375358F4}.Debug|Any CPU.Build.0 = Debug|Any CPU
		{2415F4EA-2061-4264-AA97-1BD7375358F4}.Release|Any CPU.ActiveCfg = Release|Any CPU
		{2415F4EA-2061-4264-AA97-1BD7375358F4}.Release|Any CPU.Build.0 = Release|Any CPU
	EndGlobalSection
	GlobalSection(SolutionProperties) = preSolution
		HideSolutionNode = FALSE
	EndGlobalSection
	GlobalSection(ExtensibilityGlobals) = postSolution
		SolutionGuid = {F1C24469-2724-42F4-ACF4-10B0BE47A758}
	EndGlobalSection
EndGlobal
